
Microsoft Visual Studio Solution File, Format Version 12.00
# Visual Studio Version 16
VisualStudioVersion = 16.0.29609.76
MinimumVisualStudioVersion = 10.0.40219.1
Project("{FAE04EC0-301F-11D3-BF4B-00C04F79EFBC}") = "Storage_Console", "Storage_Console\Storage_Console.csproj", "{F59E7C95-CE06-4562-BC5C-D1BE1E2BCA7E}"
EndProject
Project("{FAE04EC0-301F-11D3-BF4B-00C04F79EFBC}") = "Storage_DLL", "Storage_DLL\Storage_DLL.csproj", "{7D219E03-AB6B-4BC3-8BDC-5C4F54CD8648}"
EndProject
Global
	GlobalSection(SolutionConfigurationPlatforms) = preSolution
		Debug|Any CPU = Debug|Any CPU
		Release|Any CPU = Release|Any CPU
	EndGlobalSection
	GlobalSection(ProjectConfigurationPlatforms) = postSolution
		{F59E7C95-CE06-4562-BC5C-D1BE1E2BCA7E}.Debug|Any CPU.ActiveCfg = Debug|Any CPU
		{F59E7C95-CE06-4562-BC5C-D1BE1E2BCA7E}.Debug|Any CPU.Build.0 = Debug|Any CPU
		{F59E7C95-CE06-4562-BC5C-D1BE1E2BCA7E}.Release|Any CPU.ActiveCfg = Release|Any CPU
		{F59E7C95-CE06-4562-BC5C-D1BE1E2BCA7E}.Release|Any CPU.Build.0 = Release|Any CPU
		{7D219E03-AB6B-4BC3-8BDC-5C4F54CD8648}.Debug|Any CPU.ActiveCfg = Debug|Any CPU
		{7D219E03-AB6B-4BC3-8BDC-5C4F54CD8648}.Debug|Any CPU.Build.0 = Debug|Any CPU
		{7D219E03-AB6B-4BC3-8BDC-5C4F54CD8648}.Release|Any CPU.ActiveCfg = Release|Any CPU
		{7D219E03-AB6B-4BC3-8BDC-5C4F54CD8648}.Release|Any CPU.Build.0 = Release|Any CPU
	EndGlobalSection
	GlobalSection(SolutionProperties) = preSolution
		HideSolutionNode = FALSE
	EndGlobalSection
	GlobalSection(ExtensibilityGlobals) = postSolution
		SolutionGuid = {DF0310A6-E725-4BE0-A3DC-6A388F5FC423}
	EndGlobalSection
EndGlobal
