
Microsoft Visual Studio Solution File, Format Version 12.00
# Visual Studio Version 16
VisualStudioVersion = 16.0.29709.97
MinimumVisualStudioVersion = 10.0.40219.1
Project("{FAE04EC0-301F-11D3-BF4B-00C04F79EFBC}") = "HomeWork10", "HomeWork10\HomeWork10.csproj", "{749ADC66-395D-4600-9879-C0224AEE544A}"
EndProject
Project("{FAE04EC0-301F-11D3-BF4B-00C04F79EFBC}") = "MarketWarehouseLibrary", "MarketWarehouseLibrary\MarketWarehouseLibrary.csproj", "{619A9ADA-227E-4522-9ABE-7992336A71E4}"
EndProject
Global
	GlobalSection(SolutionConfigurationPlatforms) = preSolution
		Debug|Any CPU = Debug|Any CPU
		Release|Any CPU = Release|Any CPU
	EndGlobalSection
	GlobalSection(ProjectConfigurationPlatforms) = postSolution
		{749ADC66-395D-4600-9879-C0224AEE544A}.Debug|Any CPU.ActiveCfg = Debug|Any CPU
		{749ADC66-395D-4600-9879-C0224AEE544A}.Debug|Any CPU.Build.0 = Debug|Any CPU
		{749ADC66-395D-4600-9879-C0224AEE544A}.Release|Any CPU.ActiveCfg = Release|Any CPU
		{749ADC66-395D-4600-9879-C0224AEE544A}.Release|Any CPU.Build.0 = Release|Any CPU
		{619A9ADA-227E-4522-9ABE-7992336A71E4}.Debug|Any CPU.ActiveCfg = Debug|Any CPU
		{619A9ADA-227E-4522-9ABE-7992336A71E4}.Debug|Any CPU.Build.0 = Debug|Any CPU
		{619A9ADA-227E-4522-9ABE-7992336A71E4}.Release|Any CPU.ActiveCfg = Release|Any CPU
		{619A9ADA-227E-4522-9ABE-7992336A71E4}.Release|Any CPU.Build.0 = Release|Any CPU
	EndGlobalSection
	GlobalSection(SolutionProperties) = preSolution
		HideSolutionNode = FALSE
	EndGlobalSection
	GlobalSection(ExtensibilityGlobals) = postSolution
		SolutionGuid = {54AE0015-2FE6-4D82-8442-325391F74C37}
	EndGlobalSection
EndGlobal
